Microsoft Visual Studio Solution File, Format Version 11.00
# Visual C++ Express 2010
Project("{8BC9CEB8-8B4A-11D0-8D11-00A0C91BC942}") = "cdxaparse", "..\gst\cdxaparse\cdxaparse.vcxproj", "{979C216F-0ACF-4956-AE00-055A42D678A9}"
EndProject
Project("{8BC9CEB8-8B4A-11D0-8D11-00A0C91BC942}") = "mixmatrix", "..\gst\mixmatrix\mixmatrix.vcxproj", "{979C216F-0ACF-4956-AE00-055A42D678E7}"
EndProject
Project("{8BC9CEB8-8B4A-11D0-8D11-00A0C91BC942}") = "overlay", "..\gst\overlay\overlay.vcxproj", "{979C216F-0ACF-4956-AE00-055A42D678C2}"
EndProject
Project("{8BC9CEB8-8B4A-11D0-8D11-00A0C91BC942}") = "rtjpeg", "..\gst\rtjpeg\rtjpeg.vcxproj", "{979C216F-0ACF-4956-AE00-055A42D678C6}"
EndProject
Project("{8BC9CEB8-8B4A-11D0-8D11-00A0C91BC942}") = "smooth", "..\gst\smooth\smooth.vcxproj", "{979C216F-0ACF-4956-AE00-055A42D678CA}"
EndProject
Project("{8BC9CEB8-8B4A-11D0-8D11-00A0C91BC942}") = "speed", "..\gst\speed\speed.vcxproj", "{979C216F-0ACF-4956-AE00-055A42D678CD}"
EndProject
Project("{8BC9CEB8-8B4A-11D0-8D11-00A0C91BC942}") = "stereo", "..\gst\stereo\stereo.vcxproj", "{979C216F-0ACF-4956-AE00-055A42D678CE}"
EndProject
Project("{8BC9CEB8-8B4A-11D0-8D11-00A0C91BC942}") = "libgstd3dvideosink", "libgstd3dvideosink\libgstd3dvideosink.vcxproj", "{A0EB2411-3240-45CA-991A-4691A8C354F6}"
EndProject
Project("{8BC9CEB8-8B4A-11D0-8D11-00A0C91BC942}") = "libgstmpegts", "vs10\libgstmpegts\libgstmpegts.vcxproj", "{3A1F9D5C-4D2C-4889-9512-C7A40D2D3288}"
EndProject
Project("{8BC9CEB8-8B4A-11D0-8D11-00A0C91BC942}") = "libgstmpegtsdemux", "vs10\libgstmpegtsdemux\libgstmpegtsdemux.vcxproj", "{13B0E267-C569-4D63-B217-CBED16C53A28}"
EndProject
Global
	GlobalSection(SolutionConfigurationPlatforms) = preSolution
		Debug|Win32 = Debug|Win32
		Release|Win32 = Release|Win32
	EndGlobalSection
	GlobalSection(ProjectConfigurationPlatforms) = postSolution
		{979C216F-0ACF-4956-AE00-055A42D678A9}.Debug|Win32.ActiveCfg = Debug|Win32
		{979C216F-0ACF-4956-AE00-055A42D678A9}.Debug|Win32.Build.0 = Debug|Win32
		{979C216F-0ACF-4956-AE00-055A42D678A9}.Release|Win32.ActiveCfg = Release|Win32
		{979C216F-0ACF-4956-AE00-055A42D678A9}.Release|Win32.Build.0 = Release|Win32
		{979C216F-0ACF-4956-AE00-055A42D678E7}.Debug|Win32.ActiveCfg = Debug|Win32
		{979C216F-0ACF-4956-AE00-055A42D678E7}.Debug|Win32.Build.0 = Debug|Win32
		{979C216F-0ACF-4956-AE00-055A42D678E7}.Release|Win32.ActiveCfg = Release|Win32
		{979C216F-0ACF-4956-AE00-055A42D678E7}.Release|Win32.Build.0 = Release|Win32
		{979C216F-0ACF-4956-AE00-055A42D678C2}.Debug|Win32.ActiveCfg = Debug|Win32
		{979C216F-0ACF-4956-AE00-055A42D678C2}.Debug|Win32.Build.0 = Debug|Win32
		{979C216F-0ACF-4956-AE00-055A42D678C2}.Release|Win32.ActiveCfg = Release|Win32
		{979C216F-0ACF-4956-AE00-055A42D678C2}.Release|Win32.Build.0 = Release|Win32
		{979C216F-0ACF-4956-AE00-055A42D678C6}.Debug|Win32.ActiveCfg = Debug|Win32
		{979C216F-0ACF-4956-AE00-055A42D678C6}.Debug|Win32.Build.0 = Debug|Win32
		{979C216F-0ACF-4956-AE00-055A42D678C6}.Release|Win32.ActiveCfg = Release|Win32
		{979C216F-0ACF-4956-AE00-055A42D678C6}.Release|Win32.Build.0 = Release|Win32
		{979C216F-0ACF-4956-AE00-055A42D678CA}.Debug|Win32.ActiveCfg = Debug|Win32
		{979C216F-0ACF-4956-AE00-055A42D678CA}.Debug|Win32.Build.0 = Debug|Win32
		{979C216F-0ACF-4956-AE00-055A42D678CA}.Release|Win32.ActiveCfg = Release|Win32
		{979C216F-0ACF-4956-AE00-055A42D678CA}.Release|Win32.Build.0 = Release|Win32
		{979C216F-0ACF-4956-AE00-055A42D678CD}.Debug|Win32.ActiveCfg = Debug|Win32
		{979C216F-0ACF-4956-AE00-055A42D678CD}.Debug|Win32.Build.0 = Debug|Win32
		{979C216F-0ACF-4956-AE00-055A42D678CD}.Release|Win32.ActiveCfg = Release|Win32
		{979C216F-0ACF-4956-AE00-055A42D678CD}.Release|Win32.Build.0 = Release|Win32
		{979C216F-0ACF-4956-AE00-055A42D678CE}.Debug|Win32.ActiveCfg = Debug|Win32
		{979C216F-0ACF-4956-AE00-055A42D678CE}.Debug|Win32.Build.0 = Debug|Win32
		{979C216F-0ACF-4956-AE00-055A42D678CE}.Release|Win32.ActiveCfg = Release|Win32
		{979C216F-0ACF-4956-AE00-055A42D678CE}.Release|Win32.Build.0 = Release|Win32
		{A0EB2411-3240-45CA-991A-4691A8C354F6}.Debug|Win32.ActiveCfg = Debug|Win32
		{A0EB2411-3240-45CA-991A-4691A8C354F6}.Debug|Win32.Build.0 = Debug|Win32
		{A0EB2411-3240-45CA-991A-4691A8C354F6}.Release|Win32.ActiveCfg = Release|Win32
		{A0EB2411-3240-45CA-991A-4691A8C354F6}.Release|Win32.Build.0 = Release|Win32
		{3A1F9D5C-4D2C-4889-9512-C7A40D2D3288}.Debug|Win32.ActiveCfg = Debug|Win32
		{3A1F9D5C-4D2C-4889-9512-C7A40D2D3288}.Debug|Win32.Build.0 = Debug|Win32
		{3A1F9D5C-4D2C-4889-9512-C7A40D2D3288}.Release|Win32.ActiveCfg = Release|Win32
		{3A1F9D5C-4D2C-4889-9512-C7A40D2D3288}.Release|Win32.Build.0 = Release|Win32
		{13B0E267-C569-4D63-B217-CBED16C53A28}.Debug|Win32.ActiveCfg = Debug|Win32
		{13B0E267-C569-4D63-B217-CBED16C53A28}.Debug|Win32.Build.0 = Debug|Win32
		{13B0E267-C569-4D63-B217-CBED16C53A28}.Release|Win32.ActiveCfg = Release|Win32
		{13B0E267-C569-4D63-B217-CBED16C53A28}.Release|Win32.Build.0 = Release|Win32
	EndGlobalSection
	GlobalSection(SolutionProperties) = preSolution
		HideSolutionNode = FALSE
	EndGlobalSection
EndGlobal
